
Microsoft Visual Studio Solution File, Format Version 12.00
# Visual Studio Version 16
VisualStudioVersion = 16.0.32929.386
MinimumVisualStudioVersion = 10.0.40219.1
Project("{FAE04EC0-301F-11D3-BF4B-00C04F79EFBC}") = "MIS442_TermProject_MShiiki-Morris", "MIS442_TermProject_MShiiki-Morris\MIS442_TermProject_MShiiki-Morris.csproj", "{700EAA7A-7AC7-470D-803A-F6313F9DB209}"
EndProject
Global
	GlobalSection(SolutionConfigurationPlatforms) = preSolution
		Debug|Any CPU = Debug|Any CPU
		Release|Any CPU = Release|Any CPU
	EndGlobalSection
	GlobalSection(ProjectConfigurationPlatforms) = postSolution
		{700EAA7A-7AC7-470D-803A-F6313F9DB209}.Debug|Any CPU.ActiveCfg = Debug|Any CPU
		{700EAA7A-7AC7-470D-803A-F6313F9DB209}.Debug|Any CPU.Build.0 = Debug|Any CPU
		{700EAA7A-7AC7-470D-803A-F6313F9DB209}.Release|Any CPU.ActiveCfg = Release|Any CPU
		{700EAA7A-7AC7-470D-803A-F6313F9DB209}.Release|Any CPU.Build.0 = Release|Any CPU
	EndGlobalSection
	GlobalSection(SolutionProperties) = preSolution
		HideSolutionNode = FALSE
	EndGlobalSection
	GlobalSection(ExtensibilityGlobals) = postSolution
		SolutionGuid = {0238A73C-7452-4FCA-9C54-3CAA4E074BAA}
	EndGlobalSection
EndGlobal
